// !$*UTF8*$!
{
	archiveVersion = 1;
	classes = {
	};
	objectVersion = 50;
	objects = {

/* Begin PBXBuildFile section */
		ABA682E921C21D1C001FD26F /* BookshelfModel.swift in Sources */ = {isa = PBXBuildFile; fileRef = ABA682E821C21D1C001FD26F /* BookshelfModel.swift */; };
		ABA682EB21C220AE001FD26F /* ModelUpdateClient.swift in Sources */ = {isa = PBXBuildFile; fileRef = ABA682EA21C220AE001FD26F /* ModelUpdateClient.swift */; };
		ABA682ED21C2C27C001FD26F /* ShelvedBookDetailViewController.swift in Sources */ = {isa = PBXBuildFile; fileRef = ABA682EC21C2C27C001FD26F /* ShelvedBookDetailViewController.swift */; };
		ABE63C8D21BF1CE2007B9101 /* AppDelegate.swift in Sources */ = {isa = PBXBuildFile; fileRef = ABE63C8C21BF1CE2007B9101 /* AppDelegate.swift */; };
		ABE63C9221BF1CE2007B9101 /* Main.storyboard in Resources */ = {isa = PBXBuildFile; fileRef = ABE63C9021BF1CE2007B9101 /* Main.storyboard */; };
		ABE63C9421BF1CE3007B9101 /* Assets.xcassets in Resources */ = {isa = PBXBuildFile; fileRef = ABE63C9321BF1CE3007B9101 /* Assets.xcassets */; };
		ABE63C9721BF1CE3007B9101 /* LaunchScreen.storyboard in Resources */ = {isa = PBXBuildFile; fileRef = ABE63C9521BF1CE3007B9101 /* LaunchScreen.storyboard */; };
		ABE63C9F21C024BD007B9101 /* BookEntryCell.xib in Resources */ = {isa = PBXBuildFile; fileRef = ABE63C9E21C024BD007B9101 /* BookEntryCell.xib */; };
		ABE63CA121C02DBB007B9101 /* BookshelfEntryCell.xib in Resources */ = {isa = PBXBuildFile; fileRef = ABE63CA021C02DBB007B9101 /* BookshelfEntryCell.xib */; };
		ABE63CA321C03373007B9101 /* BookDetailView.xib in Resources */ = {isa = PBXBuildFile; fileRef = ABE63CA221C03373007B9101 /* BookDetailView.xib */; };
		ABE63CA521C03985007B9101 /* ButtonExtension.swift in Sources */ = {isa = PBXBuildFile; fileRef = ABE63CA421C03985007B9101 /* ButtonExtension.swift */; };
		ABE63CA821C065AF007B9101 /* BookSearchDetailViewController.swift in Sources */ = {isa = PBXBuildFile; fileRef = ABE63CA721C065AF007B9101 /* BookSearchDetailViewController.swift */; };
		ABE63CAB21C068B4007B9101 /* FirebaseItem.swift in Sources */ = {isa = PBXBuildFile; fileRef = ABE63CA921C068B4007B9101 /* FirebaseItem.swift */; };
		ABE63CAC21C068B4007B9101 /* Firebase.swift in Sources */ = {isa = PBXBuildFile; fileRef = ABE63CAA21C068B4007B9101 /* Firebase.swift */; };
		ABE63CAF21C06904007B9101 /* BookSearchTableViewController.swift in Sources */ = {isa = PBXBuildFile; fileRef = ABE63CAE21C06904007B9101 /* BookSearchTableViewController.swift */; };
		ABE63CB121C06932007B9101 /* BookshelvesTableViewController.swift in Sources */ = {isa = PBXBuildFile; fileRef = ABE63CB021C06932007B9101 /* BookshelvesTableViewController.swift */; };
		ABE63CB321C069AC007B9101 /* BookEntryCell.swift in Sources */ = {isa = PBXBuildFile; fileRef = ABE63CB221C069AC007B9101 /* BookEntryCell.swift */; };
		ABE63CB521C069C7007B9101 /* BookshelfEntryCell.swift in Sources */ = {isa = PBXBuildFile; fileRef = ABE63CB421C069C7007B9101 /* BookshelfEntryCell.swift */; };
		ABE63CB921C06A64007B9101 /* SearchResultsController.swift in Sources */ = {isa = PBXBuildFile; fileRef = ABE63CB821C06A64007B9101 /* SearchResultsController.swift */; };
		ABE63CBB21C06BA6007B9101 /* ResultType.swift in Sources */ = {isa = PBXBuildFile; fileRef = ABE63CBA21C06BA6007B9101 /* ResultType.swift */; };
		ABE63CBD21C06BFC007B9101 /* BookSearchBookModel.swift in Sources */ = {isa = PBXBuildFile; fileRef = ABE63CBC21C06BFC007B9101 /* BookSearchBookModel.swift */; };
		ABE63CBF21C06DEA007B9101 /* BookShelf.swift in Sources */ = {isa = PBXBuildFile; fileRef = ABE63CBE21C06DEA007B9101 /* BookShelf.swift */; };
/* End PBXBuildFile section */

/* Begin PBXFileReference section */
		ABA682E821C21D1C001FD26F /* BookshelfModel.swift */ = {isa = PBXFileReference; lastKnownFileType = sourcecode.swift; path = BookshelfModel.swift; sourceTree = "<group>"; };
		ABA682EA21C220AE001FD26F /* ModelUpdateClient.swift */ = {isa = PBXFileReference; lastKnownFileType = sourcecode.swift; path = ModelUpdateClient.swift; sourceTree = "<group>"; };
		ABA682EC21C2C27C001FD26F /* ShelvedBookDetailViewController.swift */ = {isa = PBXFileReference; lastKnownFileType = sourcecode.swift; path = ShelvedBookDetailViewController.swift; sourceTree = "<group>"; };
		ABE63C8921BF1CE2007B9101 /* ios-project-week-challenge-1.app */ = {isa = PBXFileReference; explicitFileType = wrapper.application; includeInIndex = 0; path = "ios-project-week-challenge-1.app"; sourceTree = BUILT_PRODUCTS_DIR; };
		ABE63C8C21BF1CE2007B9101 /* AppDelegate.swift */ = {isa = PBXFileReference; lastKnownFileType = sourcecode.swift; path = AppDelegate.swift; sourceTree = "<group>"; };
		ABE63C9121BF1CE2007B9101 /* Base */ = {isa = PBXFileReference; lastKnownFileType = file.storyboard; name = Base; path = Base.lproj/Main.storyboard; sourceTree = "<group>"; };
		ABE63C9321BF1CE3007B9101 /* Assets.xcassets */ = {isa = PBXFileReference; lastKnownFileType = folder.assetcatalog; path = Assets.xcassets; sourceTree = "<group>"; };
		ABE63C9621BF1CE3007B9101 /* Base */ = {isa = PBXFileReference; lastKnownFileType = file.storyboard; name = Base; path = Base.lproj/LaunchScreen.storyboard; sourceTree = "<group>"; };
		ABE63C9821BF1CE3007B9101 /* Info.plist */ = {isa = PBXFileReference; lastKnownFileType = text.plist.xml; path = Info.plist; sourceTree = "<group>"; };
		ABE63C9E21C024BD007B9101 /* BookEntryCell.xib */ = {isa = PBXFileReference; lastKnownFileType = file.xib; path = BookEntryCell.xib; sourceTree = "<group>"; };
		ABE63CA021C02DBB007B9101 /* BookshelfEntryCell.xib */ = {isa = PBXFileReference; lastKnownFileType = file.xib; path = BookshelfEntryCell.xib; sourceTree = "<group>"; };
		ABE63CA221C03373007B9101 /* BookDetailView.xib */ = {isa = PBXFileReference; lastKnownFileType = file.xib; path = BookDetailView.xib; sourceTree = "<group>"; };
		ABE63CA421C03985007B9101 /* ButtonExtension.swift */ = {isa = PBXFileReference; lastKnownFileType = sourcecode.swift; path = ButtonExtension.swift; sourceTree = "<group>"; };
		ABE63CA721C065AF007B9101 /* BookSearchDetailViewController.swift */ = {isa = PBXFileReference; lastKnownFileType = sourcecode.swift; path = BookSearchDetailViewController.swift; sourceTree = "<group>"; };
		ABE63CA921C068B4007B9101 /* FirebaseItem.swift */ = {isa = PBXFileReference; fileEncoding = 4; lastKnownFileType = sourcecode.swift; path = FirebaseItem.swift; sourceTree = "<group>"; };
		ABE63CAA21C068B4007B9101 /* Firebase.swift */ = {isa = PBXFileReference; fileEncoding = 4; lastKnownFileType = sourcecode.swift; path = Firebase.swift; sourceTree = "<group>"; };
		ABE63CAE21C06904007B9101 /* BookSearchTableViewController.swift */ = {isa = PBXFileReference; lastKnownFileType = sourcecode.swift; path = BookSearchTableViewController.swift; sourceTree = "<group>"; };
		ABE63CB021C06932007B9101 /* BookshelvesTableViewController.swift */ = {isa = PBXFileReference; lastKnownFileType = sourcecode.swift; path = BookshelvesTableViewController.swift; sourceTree = "<group>"; };
		ABE63CB221C069AC007B9101 /* BookEntryCell.swift */ = {isa = PBXFileReference; lastKnownFileType = sourcecode.swift; path = BookEntryCell.swift; sourceTree = "<group>"; };
		ABE63CB421C069C7007B9101 /* BookshelfEntryCell.swift */ = {isa = PBXFileReference; lastKnownFileType = sourcecode.swift; path = BookshelfEntryCell.swift; sourceTree = "<group>"; };
		ABE63CB821C06A64007B9101 /* SearchResultsController.swift */ = {isa = PBXFileReference; lastKnownFileType = sourcecode.swift; path = SearchResultsController.swift; sourceTree = "<group>"; };
		ABE63CBA21C06BA6007B9101 /* ResultType.swift */ = {isa = PBXFileReference; lastKnownFileType = sourcecode.swift; path = ResultType.swift; sourceTree = "<group>"; };
		ABE63CBC21C06BFC007B9101 /* BookSearchBookModel.swift */ = {isa = PBXFileReference; lastKnownFileType = sourcecode.swift; path = BookSearchBookModel.swift; sourceTree = "<group>"; };
		ABE63CBE21C06DEA007B9101 /* BookShelf.swift */ = {isa = PBXFileReference; lastKnownFileType = sourcecode.swift; path = BookShelf.swift; sourceTree = "<group>"; };
/* End PBXFileReference section */

/* Begin PBXFrameworksBuildPhase section */
		ABE63C8621BF1CE2007B9101 /* Frameworks */ = {
			isa = PBXFrameworksBuildPhase;
			buildActionMask = 2147483647;
			files = (
			);
			runOnlyForDeploymentPostprocessing = 0;
		};
/* End PBXFrameworksBuildPhase section */

/* Begin PBXGroup section */
		ABE63C8021BF1CE2007B9101 = {
			isa = PBXGroup;
			children = (
				ABE63C8B21BF1CE2007B9101 /* ios-project-week-challenge-1 */,
				ABE63C8A21BF1CE2007B9101 /* Products */,
			);
			sourceTree = "<group>";
		};
		ABE63C8A21BF1CE2007B9101 /* Products */ = {
			isa = PBXGroup;
			children = (
				ABE63C8921BF1CE2007B9101 /* ios-project-week-challenge-1.app */,
			);
			name = Products;
			sourceTree = "<group>";
		};
		ABE63C8B21BF1CE2007B9101 /* ios-project-week-challenge-1 */ = {
			isa = PBXGroup;
			children = (
				ABE63C8C21BF1CE2007B9101 /* AppDelegate.swift */,
				ABE63CC021C0D0DB007B9101 /* Models */,
				ABE63CC121C0D0FA007B9101 /* View Controllers */,
				ABE63CC221C0D108007B9101 /* Views */,
				ABE63CA621C04ED6007B9101 /* Resources */,
				ABE63CAD21C068C0007B9101 /* Firebase */,
			);
			path = "ios-project-week-challenge-1";
			sourceTree = "<group>";
		};
		ABE63CA621C04ED6007B9101 /* Resources */ = {
			isa = PBXGroup;
			children = (
				ABE63C9021BF1CE2007B9101 /* Main.storyboard */,
				ABE63CA221C03373007B9101 /* BookDetailView.xib */,
				ABE63CA021C02DBB007B9101 /* BookshelfEntryCell.xib */,
				ABE63C9E21C024BD007B9101 /* BookEntryCell.xib */,
				ABE63C9321BF1CE3007B9101 /* Assets.xcassets */,
				ABE63C9521BF1CE3007B9101 /* LaunchScreen.storyboard */,
				ABE63C9821BF1CE3007B9101 /* Info.plist */,
			);
			path = Resources;
			sourceTree = "<group>";
		};
		ABE63CAD21C068C0007B9101 /* Firebase */ = {
			isa = PBXGroup;
			children = (
				ABE63CAA21C068B4007B9101 /* Firebase.swift */,
				ABE63CA921C068B4007B9101 /* FirebaseItem.swift */,
			);
			path = Firebase;
			sourceTree = "<group>";
		};
		ABE63CC021C0D0DB007B9101 /* Models */ = {
			isa = PBXGroup;
			children = (
				ABE63CA421C03985007B9101 /* ButtonExtension.swift */,
				ABE63CB821C06A64007B9101 /* SearchResultsController.swift */,
				ABE63CBA21C06BA6007B9101 /* ResultType.swift */,
				ABE63CBC21C06BFC007B9101 /* BookSearchBookModel.swift */,
				ABE63CBE21C06DEA007B9101 /* BookShelf.swift */,
				ABA682E821C21D1C001FD26F /* BookshelfModel.swift */,
				ABA682EA21C220AE001FD26F /* ModelUpdateClient.swift */,
			);
			path = Models;
			sourceTree = "<group>";
		};
		ABE63CC121C0D0FA007B9101 /* View Controllers */ = {
			isa = PBXGroup;
			children = (
				ABE63CA721C065AF007B9101 /* BookSearchDetailViewController.swift */,
				ABA682EC21C2C27C001FD26F /* ShelvedBookDetailViewController.swift */,
				ABE63CB021C06932007B9101 /* BookshelvesTableViewController.swift */,
				ABE63CAE21C06904007B9101 /* BookSearchTableViewController.swift */,
			);
			path = "View Controllers";
			sourceTree = "<group>";
		};
		ABE63CC221C0D108007B9101 /* Views */ = {
			isa = PBXGroup;
			children = (
				ABE63CB421C069C7007B9101 /* BookshelfEntryCell.swift */,
				ABE63CB221C069AC007B9101 /* BookEntryCell.swift */,
			);
			path = Views;
			sourceTree = "<group>";
		};
/* End PBXGroup section */

/* Begin PBXNativeTarget section */
		ABE63C8821BF1CE2007B9101 /* ios-project-week-challenge-1 */ = {
			isa = PBXNativeTarget;
			buildConfigurationList = ABE63C9B21BF1CE3007B9101 /* Build configuration list for PBXNativeTarget "ios-project-week-challenge-1" */;
			buildPhases = (
				ABE63C8521BF1CE2007B9101 /* Sources */,
				ABE63C8621BF1CE2007B9101 /* Frameworks */,
				ABE63C8721BF1CE2007B9101 /* Resources */,
			);
			buildRules = (
			);
			dependencies = (
			);
			name = "ios-project-week-challenge-1";
			productName = "ios-project-week-challenge-1";
			productReference = ABE63C8921BF1CE2007B9101 /* ios-project-week-challenge-1.app */;
			productType = "com.apple.product-type.application";
		};
/* End PBXNativeTarget section */

/* Begin PBXProject section */
		ABE63C8121BF1CE2007B9101 /* Project object */ = {
			isa = PBXProject;
			attributes = {
				LastSwiftUpdateCheck = 1010;
				LastUpgradeCheck = 1010;
				ORGANIZATIONNAME = jkaunert;
				TargetAttributes = {
					ABE63C8821BF1CE2007B9101 = {
						CreatedOnToolsVersion = 10.1;
					};
				};
			};
			buildConfigurationList = ABE63C8421BF1CE2007B9101 /* Build configuration list for PBXProject "ios-project-week-challenge-1" */;
			compatibilityVersion = "Xcode 9.3";
			developmentRegion = en;
			hasScannedForEncodings = 0;
			knownRegions = (
				en,
				Base,
			);
			mainGroup = ABE63C8021BF1CE2007B9101;
			productRefGroup = ABE63C8A21BF1CE2007B9101 /* Products */;
			projectDirPath = "";
			projectRoot = "";
			targets = (
				ABE63C8821BF1CE2007B9101 /* ios-project-week-challenge-1 */,
			);
		};
/* End PBXProject section */

/* Begin PBXResourcesBuildPhase section */
		ABE63C8721BF1CE2007B9101 /* Resources */ = {
			isa = PBXResourcesBuildPhase;
			buildActionMask = 2147483647;
			files = (
				ABE63CA321C03373007B9101 /* BookDetailView.xib in Resources */,
				ABE63C9721BF1CE3007B9101 /* LaunchScreen.storyboard in Resources */,
				ABE63C9421BF1CE3007B9101 /* Assets.xcassets in Resources */,
				ABE63C9221BF1CE2007B9101 /* Main.storyboard in Resources */,
				ABE63C9F21C024BD007B9101 /* BookEntryCell.xib in Resources */,
				ABE63CA121C02DBB007B9101 /* BookshelfEntryCell.xib in Resources */,
			);
			runOnlyForDeploymentPostprocessing = 0;
		};
/* End PBXResourcesBuildPhase section */

/* Begin PBXSourcesBuildPhase section */
		ABE63C8521BF1CE2007B9101 /* Sources */ = {
			isa = PBXSourcesBuildPhase;
			buildActionMask = 2147483647;
			files = (
				ABE63CAC21C068B4007B9101 /* Firebase.swift in Sources */,
				ABE63CA521C03985007B9101 /* ButtonExtension.swift in Sources */,
				ABE63CB121C06932007B9101 /* BookshelvesTableViewController.swift in Sources */,
				ABE63CBF21C06DEA007B9101 /* BookShelf.swift in Sources */,
				ABE63CB321C069AC007B9101 /* BookEntryCell.swift in Sources */,
				ABA682EB21C220AE001FD26F /* ModelUpdateClient.swift in Sources */,
				ABE63CBB21C06BA6007B9101 /* ResultType.swift in Sources */,
				ABA682E921C21D1C001FD26F /* BookshelfModel.swift in Sources */,
				ABA682ED21C2C27C001FD26F /* ShelvedBookDetailViewController.swift in Sources */,
				ABE63CBD21C06BFC007B9101 /* BookSearchBookModel.swift in Sources */,
				ABE63CAB21C068B4007B9101 /* FirebaseItem.swift in Sources */,
				ABE63C8D21BF1CE2007B9101 /* AppDelegate.swift in Sources */,
				ABE63CAF21C06904007B9101 /* BookSearchTableViewController.swift in Sources */,
				ABE63CA821C065AF007B9101 /* BookSearchDetailViewController.swift in Sources */,
				ABE63CB521C069C7007B9101 /* BookshelfEntryCell.swift in Sources */,
				ABE63CB921C06A64007B9101 /* SearchResultsController.swift in Sources */,
			);
			runOnlyForDeploymentPostprocessing = 0;
		};
/* End PBXSourcesBuildPhase section */

/* Begin PBXVariantGroup section */
		ABE63C9021BF1CE2007B9101 /* Main.storyboard */ = {
			isa = PBXVariantGroup;
			children = (
				ABE63C9121BF1CE2007B9101 /* Base */,
			);
			name = Main.storyboard;
			sourceTree = "<group>";
		};
		ABE63C9521BF1CE3007B9101 /* LaunchScreen.storyboard */ = {
			isa = PBXVariantGroup;
			children = (
				ABE63C9621BF1CE3007B9101 /* Base */,
			);
			name = LaunchScreen.storyboard;
			sourceTree = "<group>";
		};
/* End PBXVariantGroup section */

/* Begin XCBuildConfiguration section */
		ABE63C9921BF1CE3007B9101 /* Debug */ = {
			isa = XCBuildConfiguration;
			buildSettings = {
				ALWAYS_SEARCH_USER_PATHS = NO;
				CLANG_ANALYZER_NONNULL = YES;
				CLANG_ANALYZER_NUMBER_OBJECT_CONVERSION = YES_AGGRESSIVE;
				CLANG_CXX_LANGUAGE_STANDARD = "gnu++14";
				CLANG_CXX_LIBRARY = "libc++";
				CLANG_ENABLE_MODULES = YES;
				CLANG_ENABLE_OBJC_ARC = YES;
				CLANG_ENABLE_OBJC_WEAK = YES;
				CLANG_WARN_BLOCK_CAPTURE_AUTORELEASING = YES;
				CLANG_WARN_BOOL_CONVERSION = YES;
				CLANG_WARN_COMMA = YES;
				CLANG_WARN_CONSTANT_CONVERSION = YES;
				CLANG_WARN_DEPRECATED_OBJC_IMPLEMENTATIONS = YES;
				CLANG_WARN_DIRECT_OBJC_ISA_USAGE = YES_ERROR;
				CLANG_WARN_DOCUMENTATION_COMMENTS = YES;
				CLANG_WARN_EMPTY_BODY = YES;
				CLANG_WARN_ENUM_CONVERSION = YES;
				CLANG_WARN_INFINITE_RECURSION = YES;
				CLANG_WARN_INT_CONVERSION = YES;
				CLANG_WARN_NON_LITERAL_NULL_CONVERSION = YES;
				CLANG_WARN_OBJC_IMPLICIT_RETAIN_SELF = YES;
				CLANG_WARN_OBJC_LITERAL_CONVERSION = YES;
				CLANG_WARN_OBJC_ROOT_CLASS = YES_ERROR;
				CLANG_WARN_RANGE_LOOP_ANALYSIS = YES;
				CLANG_WARN_STRICT_PROTOTYPES = YES;
				CLANG_WARN_SUSPICIOUS_MOVE = YES;
				CLANG_WARN_UNGUARDED_AVAILABILITY = YES_AGGRESSIVE;
				CLANG_WARN_UNREACHABLE_CODE = YES;
				CLANG_WARN__DUPLICATE_METHOD_MATCH = YES;
				CODE_SIGN_IDENTITY = "iPhone Developer";
				COPY_PHASE_STRIP = NO;
				DEBUG_INFORMATION_FORMAT = dwarf;
				ENABLE_STRICT_OBJC_MSGSEND = YES;
				ENABLE_TESTABILITY = YES;
				GCC_C_LANGUAGE_STANDARD = gnu11;
				GCC_DYNAMIC_NO_PIC = NO;
				GCC_NO_COMMON_BLOCKS = YES;
				GCC_OPTIMIZATION_LEVEL = 0;
				GCC_PREPROCESSOR_DEFINITIONS = (
					"DEBUG=1",
					"$(inherited)",
				);
				GCC_WARN_64_TO_32_BIT_CONVERSION = YES;
				GCC_WARN_ABOUT_RETURN_TYPE = YES_ERROR;
				GCC_WARN_UNDECLARED_SELECTOR = YES;
				GCC_WARN_UNINITIALIZED_AUTOS = YES_AGGRESSIVE;
				GCC_WARN_UNUSED_FUNCTION = YES;
				GCC_WARN_UNUSED_VARIABLE = YES;
				IPHONEOS_DEPLOYMENT_TARGET = 12.1;
				MTL_ENABLE_DEBUG_INFO = INCLUDE_SOURCE;
				MTL_FAST_MATH = YES;
				ONLY_ACTIVE_ARCH = YES;
				SDKROOT = iphoneos;
				SWIFT_ACTIVE_COMPILATION_CONDITIONS = DEBUG;
				SWIFT_OPTIMIZATION_LEVEL = "-Onone";
			};
			name = Debug;
		};
		ABE63C9A21BF1CE3007B9101 /* Release */ = {
			isa = XCBuildConfiguration;
			buildSettings = {
				ALWAYS_SEARCH_USER_PATHS = NO;
				CLANG_ANALYZER_NONNULL = YES;
				CLANG_ANALYZER_NUMBER_OBJECT_CONVERSION = YES_AGGRESSIVE;
				CLANG_CXX_LANGUAGE_STANDARD = "gnu++14";
				CLANG_CXX_LIBRARY = "libc++";
				CLANG_ENABLE_MODULES = YES;
				CLANG_ENABLE_OBJC_ARC = YES;
				CLANG_ENABLE_OBJC_WEAK = YES;
				CLANG_WARN_BLOCK_CAPTURE_AUTORELEASING = YES;
				CLANG_WARN_BOOL_CONVERSION = YES;
				CLANG_WARN_COMMA = YES;
				CLANG_WARN_CONSTANT_CONVERSION = YES;
				CLANG_WARN_DEPRECATED_OBJC_IMPLEMENTATIONS = YES;
				CLANG_WARN_DIRECT_OBJC_ISA_USAGE = YES_ERROR;
				CLANG_WARN_DOCUMENTATION_COMMENTS = YES;
				CLANG_WARN_EMPTY_BODY = YES;
				CLANG_WARN_ENUM_CONVERSION = YES;
				CLANG_WARN_INFINITE_RECURSION = YES;
				CLANG_WARN_INT_CONVERSION = YES;
				CLANG_WARN_NON_LITERAL_NULL_CONVERSION = YES;
				CLANG_WARN_OBJC_IMPLICIT_RETAIN_SELF = YES;
				CLANG_WARN_OBJC_LITERAL_CONVERSION = YES;
				CLANG_WARN_OBJC_ROOT_CLASS = YES_ERROR;
				CLANG_WARN_RANGE_LOOP_ANALYSIS = YES;
				CLANG_WARN_STRICT_PROTOTYPES = YES;
				CLANG_WARN_SUSPICIOUS_MOVE = YES;
				CLANG_WARN_UNGUARDED_AVAILABILITY = YES_AGGRESSIVE;
				CLANG_WARN_UNREACHABLE_CODE = YES;
				CLANG_WARN__DUPLICATE_METHOD_MATCH = YES;
				CODE_SIGN_IDENTITY = "iPhone Developer";
				COPY_PHASE_STRIP = NO;
				DEBUG_INFORMATION_FORMAT = "dwarf-with-dsym";
				ENABLE_NS_ASSERTIONS = NO;
				ENABLE_STRICT_OBJC_MSGSEND = YES;
				GCC_C_LANGUAGE_STANDARD = gnu11;
				GCC_NO_COMMON_BLOCKS = YES;
				GCC_WARN_64_TO_32_BIT_CONVERSION = YES;
				GCC_WARN_ABOUT_RETURN_TYPE = YES_ERROR;
				GCC_WARN_UNDECLARED_SELECTOR = YES;
				GCC_WARN_UNINITIALIZED_AUTOS = YES_AGGRESSIVE;
				GCC_WARN_UNUSED_FUNCTION = YES;
				GCC_WARN_UNUSED_VARIABLE = YES;
				IPHONEOS_DEPLOYMENT_TARGET = 12.1;
				MTL_ENABLE_DEBUG_INFO = NO;
				MTL_FAST_MATH = YES;
				SDKROOT = iphoneos;
				SWIFT_COMPILATION_MODE = wholemodule;
				SWIFT_OPTIMIZATION_LEVEL = "-O";
				VALIDATE_PRODUCT = YES;
			};
			name = Release;
		};
		ABE63C9C21BF1CE3007B9101 /* Debug */ = {
			isa = XCBuildConfiguration;
			buildSettings = {
				ASSETCATALOG_COMPILER_APPICON_NAME = AppIcon;
				CODE_SIGN_STYLE = Automatic;
				DEVELOPMENT_TEAM = HSRQC9N69B;
				INFOPLIST_FILE = "$(SRCROOT)/ios-project-week-challenge-1/Resources/Info.plist";
				LD_RUNPATH_SEARCH_PATHS = (
					"$(inherited)",
					"@executable_path/Frameworks",
				);
				PRODUCT_BUNDLE_IDENTIFIER = "com.jkaunert.ios-project-week-challenge-1";
				PRODUCT_NAME = "$(TARGET_NAME)";
				SWIFT_VERSION = 4.2;
				TARGETED_DEVICE_FAMILY = "1,2";
			};
			name = Debug;
		};
		ABE63C9D21BF1CE3007B9101 /* Release */ = {
			isa = XCBuildConfiguration;
			buildSettings = {
				ASSETCATALOG_COMPILER_APPICON_NAME = AppIcon;
				CODE_SIGN_STYLE = Automatic;
				DEVELOPMENT_TEAM = HSRQC9N69B;
				INFOPLIST_FILE = "$(SRCROOT)/ios-project-week-challenge-1/Resources/Info.plist";
				LD_RUNPATH_SEARCH_PATHS = (
					"$(inherited)",
					"@executable_path/Frameworks",
				);
				PRODUCT_BUNDLE_IDENTIFIER = "com.jkaunert.ios-project-week-challenge-1";
				PRODUCT_NAME = "$(TARGET_NAME)";
				SWIFT_VERSION = 4.2;
				TARGETED_DEVICE_FAMILY = "1,2";
			};
			name = Release;
		};
/* End XCBuildConfiguration section */

/* Begin XCConfigurationList section */
		ABE63C8421BF1CE2007B9101 /* Build configuration list for PBXProject "ios-project-week-challenge-1" */ = {
			isa = XCConfigurationList;
			buildConfigurations = (
				ABE63C9921BF1CE3007B9101 /* Debug */,
				ABE63C9A21BF1CE3007B9101 /* Release */,
			);
			defaultConfigurationIsVisible = 0;
			defaultConfigurationName = Release;
		};
		ABE63C9B21BF1CE3007B9101 /* Build configuration list for PBXNativeTarget "ios-project-week-challenge-1" */ = {
			isa = XCConfigurationList;
			buildConfigurations = (
				ABE63C9C21BF1CE3007B9101 /* Debug */,
				ABE63C9D21BF1CE3007B9101 /* Release */,
			);
			defaultConfigurationIsVisible = 0;
			defaultConfigurationName = Release;
		};
/* End XCConfigurationList section */
	};
	rootObject = ABE63C8121BF1CE2007B9101 /* Project object */;
}
